Microsoft Visual Studio Solution File, Format Version 12.00
# Visual Studio 2012
Project("{FAE04EC0-301F-11D3-BF4B-00C04F79EFBC}") = "game10003-a5-suika-game", "game10003-a5-suika-game.csproj", "{63579863-E9AE-4249-8F7B-2D5AEADF0E83}"
EndProject
Global
	GlobalSection(SolutionConfigurationPlatforms) = preSolution
	Debug|Any CPU = Debug|Any CPU
	ExportDebug|Any CPU = ExportDebug|Any CPU
	ExportRelease|Any CPU = ExportRelease|Any CPU
	EndGlobalSection
	GlobalSection(ProjectConfigurationPlatforms) = postSolution
		{63579863-E9AE-4249-8F7B-2D5AEADF0E83}.Debug|Any CPU.ActiveCfg = Debug|Any CPU
		{63579863-E9AE-4249-8F7B-2D5AEADF0E83}.Debug|Any CPU.Build.0 = Debug|Any CPU
		{63579863-E9AE-4249-8F7B-2D5AEADF0E83}.ExportDebug|Any CPU.ActiveCfg = ExportDebug|Any CPU
		{63579863-E9AE-4249-8F7B-2D5AEADF0E83}.ExportDebug|Any CPU.Build.0 = ExportDebug|Any CPU
		{63579863-E9AE-4249-8F7B-2D5AEADF0E83}.ExportRelease|Any CPU.ActiveCfg = ExportRelease|Any CPU
		{63579863-E9AE-4249-8F7B-2D5AEADF0E83}.ExportRelease|Any CPU.Build.0 = ExportRelease|Any CPU
	EndGlobalSection
EndGlobal
